
Microsoft Visual Studio Solution File, Format Version 12.00
# Visual Studio Version 17
VisualStudioVersion = 17.13.35617.110 d17.13
MinimumVisualStudioVersion = 10.0.40219.1
Project("{FAE04EC0-301F-11D3-BF4B-00C04F79EFBC}") = "Konzola", "Konzola\Konzola.csproj", "{5424916F-5EFE-4B66-8406-CD57472A8A62}"
EndProject
Project("{FAE04EC0-301F-11D3-BF4B-00C04F79EFBC}") = "Backend", "Backend\Backend.csproj", "{A1F09490-E2CB-4C9D-A4C3-9B8D906F951A}"
EndProject
Global
	GlobalSection(SolutionConfigurationPlatforms) = preSolution
		Debug|Any CPU = Debug|Any CPU
		Release|Any CPU = Release|Any CPU
	EndGlobalSection
	GlobalSection(ProjectConfigurationPlatforms) = postSolution
		{5424916F-5EFE-4B66-8406-CD57472A8A62}.Debug|Any CPU.ActiveCfg = Debug|Any CPU
		{5424916F-5EFE-4B66-8406-CD57472A8A62}.Debug|Any CPU.Build.0 = Debug|Any CPU
		{5424916F-5EFE-4B66-8406-CD57472A8A62}.Release|Any CPU.ActiveCfg = Release|Any CPU
		{5424916F-5EFE-4B66-8406-CD57472A8A62}.Release|Any CPU.Build.0 = Release|Any CPU
		{A1F09490-E2CB-4C9D-A4C3-9B8D906F951A}.Debug|Any CPU.ActiveCfg = Debug|Any CPU
		{A1F09490-E2CB-4C9D-A4C3-9B8D906F951A}.Debug|Any CPU.Build.0 = Debug|Any CPU
		{A1F09490-E2CB-4C9D-A4C3-9B8D906F951A}.Release|Any CPU.ActiveCfg = Release|Any CPU
		{A1F09490-E2CB-4C9D-A4C3-9B8D906F951A}.Release|Any CPU.Build.0 = Release|Any CPU
	EndGlobalSection
	GlobalSection(SolutionProperties) = preSolution
		HideSolutionNode = FALSE
	EndGlobalSection
	GlobalSection(ExtensibilityGlobals) = postSolution
		SolutionGuid = {8A26382D-D84A-431F-8AAB-93681412594B}
	EndGlobalSection
EndGlobal
